
Microsoft Visual Studio Solution File, Format Version 12.00
# Visual Studio Version 17
VisualStudioVersion = 17.7.34221.43
MinimumVisualStudioVersion = 10.0.40219.1
Project("{9A19103F-16F7-4668-BE54-9A1E7A4F7556}") = "SBHS", "SBHS\SBHS.csproj", "{6449B395-2480-4204-95DC-F3385C17B324}"
EndProject
Project("{00D1A9C2-B5F0-4AF3-8072-F6C62B433612}") = "SBHS.Database", "SBHS.Database\SBHS.Database.sqlproj", "{DD29F342-602C-4144-AD1F-3FB70D5EA6BD}"
EndProject
Global
	GlobalSection(SolutionConfigurationPlatforms) = preSolution
		Debug|Any CPU = Debug|Any CPU
		Release|Any CPU = Release|Any CPU
	EndGlobalSection
	GlobalSection(ProjectConfigurationPlatforms) = postSolution
		{6449B395-2480-4204-95DC-F3385C17B324}.Debug|Any CPU.ActiveCfg = Debug|Any CPU
		{6449B395-2480-4204-95DC-F3385C17B324}.Debug|Any CPU.Build.0 = Debug|Any CPU
		{6449B395-2480-4204-95DC-F3385C17B324}.Release|Any CPU.ActiveCfg = Release|Any CPU
		{6449B395-2480-4204-95DC-F3385C17B324}.Release|Any CPU.Build.0 = Release|Any CPU
		{DD29F342-602C-4144-AD1F-3FB70D5EA6BD}.Debug|Any CPU.ActiveCfg = Debug|Any CPU
		{DD29F342-602C-4144-AD1F-3FB70D5EA6BD}.Debug|Any CPU.Build.0 = Debug|Any CPU
		{DD29F342-602C-4144-AD1F-3FB70D5EA6BD}.Debug|Any CPU.Deploy.0 = Debug|Any CPU
		{DD29F342-602C-4144-AD1F-3FB70D5EA6BD}.Release|Any CPU.ActiveCfg = Release|Any CPU
		{DD29F342-602C-4144-AD1F-3FB70D5EA6BD}.Release|Any CPU.Build.0 = Release|Any CPU
		{DD29F342-602C-4144-AD1F-3FB70D5EA6BD}.Release|Any CPU.Deploy.0 = Release|Any CPU
	EndGlobalSection
	GlobalSection(SolutionProperties) = preSolution
		HideSolutionNode = FALSE
	EndGlobalSection
	GlobalSection(ExtensibilityGlobals) = postSolution
		SolutionGuid = {1A7893A6-13D1-4122-AB5B-4570A32C83D8}
	EndGlobalSection
EndGlobal
